
Microsoft Visual Studio Solution File, Format Version 12.00
# Visual Studio Version 17
VisualStudioVersion = 17.9.34616.47
MinimumVisualStudioVersion = 10.0.40219.1
Project("{9A19103F-16F7-4668-BE54-9A1E7A4F7556}") = "GHWeb", "GHWeb\GHWeb.csproj", "{4D28FAD6-2BC0-4085-A7AB-F5C954901E0C}"
EndProject
Project("{FAE04EC0-301F-11D3-BF4B-00C04F79EFBC}") = "GHWeb.DataAccess", "GHWeb.DataAccess\GHWeb.DataAccess.csproj", "{6AF801E0-C36C-4F66-A8F0-2E16EED50FBF}"
EndProject
Project("{FAE04EC0-301F-11D3-BF4B-00C04F79EFBC}") = "GHWeb.Models", "GHWeb.Models\GHWeb.Models.csproj", "{B2628966-C6F4-4A79-8F2C-01909D7281A7}"
EndProject
Project("{FAE04EC0-301F-11D3-BF4B-00C04F79EFBC}") = "GHWeb.Utility", "GHWeb.Utility\GHWeb.Utility.csproj", "{1F97599D-3675-4B4A-9B9E-7117754780A9}"
EndProject
Global
	GlobalSection(SolutionConfigurationPlatforms) = preSolution
		Debug|Any CPU = Debug|Any CPU
		Release|Any CPU = Release|Any CPU
	EndGlobalSection
	GlobalSection(ProjectConfigurationPlatforms) = postSolution
		{4D28FAD6-2BC0-4085-A7AB-F5C954901E0C}.Debug|Any CPU.ActiveCfg = Debug|Any CPU
		{4D28FAD6-2BC0-4085-A7AB-F5C954901E0C}.Debug|Any CPU.Build.0 = Debug|Any CPU
		{4D28FAD6-2BC0-4085-A7AB-F5C954901E0C}.Release|Any CPU.ActiveCfg = Release|Any CPU
		{4D28FAD6-2BC0-4085-A7AB-F5C954901E0C}.Release|Any CPU.Build.0 = Release|Any CPU
		{6AF801E0-C36C-4F66-A8F0-2E16EED50FBF}.Debug|Any CPU.ActiveCfg = Debug|Any CPU
		{6AF801E0-C36C-4F66-A8F0-2E16EED50FBF}.Debug|Any CPU.Build.0 = Debug|Any CPU
		{6AF801E0-C36C-4F66-A8F0-2E16EED50FBF}.Release|Any CPU.ActiveCfg = Release|Any CPU
		{6AF801E0-C36C-4F66-A8F0-2E16EED50FBF}.Release|Any CPU.Build.0 = Release|Any CPU
		{B2628966-C6F4-4A79-8F2C-01909D7281A7}.Debug|Any CPU.ActiveCfg = Debug|Any CPU
		{B2628966-C6F4-4A79-8F2C-01909D7281A7}.Debug|Any CPU.Build.0 = Debug|Any CPU
		{B2628966-C6F4-4A79-8F2C-01909D7281A7}.Release|Any CPU.ActiveCfg = Release|Any CPU
		{B2628966-C6F4-4A79-8F2C-01909D7281A7}.Release|Any CPU.Build.0 = Release|Any CPU
		{1F97599D-3675-4B4A-9B9E-7117754780A9}.Debug|Any CPU.ActiveCfg = Debug|Any CPU
		{1F97599D-3675-4B4A-9B9E-7117754780A9}.Debug|Any CPU.Build.0 = Debug|Any CPU
		{1F97599D-3675-4B4A-9B9E-7117754780A9}.Release|Any CPU.ActiveCfg = Release|Any CPU
		{1F97599D-3675-4B4A-9B9E-7117754780A9}.Release|Any CPU.Build.0 = Release|Any CPU
	EndGlobalSection
	GlobalSection(SolutionProperties) = preSolution
		HideSolutionNode = FALSE
	EndGlobalSection
	GlobalSection(ExtensibilityGlobals) = postSolution
		SolutionGuid = {DD317BAC-EDF8-4B94-BDD6-0C8919FFBD39}
	EndGlobalSection
EndGlobal
